
Microsoft Visual Studio Solution File, Format Version 12.00
# Visual Studio Version 16
VisualStudioVersion = 25.0.1700.2
MinimumVisualStudioVersion = 10.0.40219.1
Project("{FAE04EC0-301F-11D3-BF4B-00C04F79EFBC}") = "Kralj_Nusa_Alja", "Kralj_Nusa_Alja\Kralj_Nusa_Alja.csproj", "{53F50428-EF68-48CA-B7BB-2D163BDDCB42}"
EndProject
Global
	GlobalSection(SolutionConfigurationPlatforms) = preSolution
		Debug|Any CPU = Debug|Any CPU
		Release|Any CPU = Release|Any CPU
	EndGlobalSection
	GlobalSection(ProjectConfigurationPlatforms) = postSolution
		{53F50428-EF68-48CA-B7BB-2D163BDDCB42}.Debug|Any CPU.ActiveCfg = Debug|Any CPU
		{53F50428-EF68-48CA-B7BB-2D163BDDCB42}.Debug|Any CPU.Build.0 = Debug|Any CPU
		{53F50428-EF68-48CA-B7BB-2D163BDDCB42}.Release|Any CPU.ActiveCfg = Release|Any CPU
		{53F50428-EF68-48CA-B7BB-2D163BDDCB42}.Release|Any CPU.Build.0 = Release|Any CPU
	EndGlobalSection
	GlobalSection(SolutionProperties) = preSolution
		HideSolutionNode = FALSE
	EndGlobalSection
	GlobalSection(ExtensibilityGlobals) = postSolution
		SolutionGuid = {81D3516E-0512-407F-AF3D-1339148E0FFB}
	EndGlobalSection
EndGlobal
